
Microsoft Visual Studio Solution File, Format Version 12.00
# Visual Studio 2013
VisualStudioVersion = 12.0.30501.0
MinimumVisualStudioVersion = 10.0.40219.1
Project("{FAE04EC0-301F-11D3-BF4B-00C04F79EFBC}") = "Prolly", "Prolly\Prolly.csproj", "{5126805D-45E3-46B8-AF18-9F18E2F32BB9}"
EndProject
Project("{FAE04EC0-301F-11D3-BF4B-00C04F79EFBC}") = "Prolly.Tests", "Prolly.Tests\Prolly.Tests.csproj", "{A0286478-B997-4E23-9D5C-5B6584FB3F37}"
EndProject
Global
	GlobalSection(SolutionConfigurationPlatforms) = preSolution
		Debug|Any CPU = Debug|Any CPU
		Release|Any CPU = Release|Any CPU
	EndGlobalSection
	GlobalSection(ProjectConfigurationPlatforms) = postSolution
		{5126805D-45E3-46B8-AF18-9F18E2F32BB9}.Debug|Any CPU.ActiveCfg = Debug|Any CPU
		{5126805D-45E3-46B8-AF18-9F18E2F32BB9}.Debug|Any CPU.Build.0 = Debug|Any CPU
		{5126805D-45E3-46B8-AF18-9F18E2F32BB9}.Release|Any CPU.ActiveCfg = Release|Any CPU
		{5126805D-45E3-46B8-AF18-9F18E2F32BB9}.Release|Any CPU.Build.0 = Release|Any CPU
		{A0286478-B997-4E23-9D5C-5B6584FB3F37}.Debug|Any CPU.ActiveCfg = Debug|Any CPU
		{A0286478-B997-4E23-9D5C-5B6584FB3F37}.Debug|Any CPU.Build.0 = Debug|Any CPU
		{A0286478-B997-4E23-9D5C-5B6584FB3F37}.Release|Any CPU.ActiveCfg = Release|Any CPU
		{A0286478-B997-4E23-9D5C-5B6584FB3F37}.Release|Any CPU.Build.0 = Release|Any CPU
	EndGlobalSection
	GlobalSection(SolutionProperties) = preSolution
		HideSolutionNode = FALSE
	EndGlobalSection
EndGlobal
